// !$*UTF8*$!
{
	archiveVersion = 1;
	classes = {
	};
	objectVersion = 56;
	objects = {

/* Begin PBXBuildFile section */
		256B611355201CC97E311541 /* Pods_NewsMobileApp.framework in Frameworks */ = {isa = PBXBuildFile; fileRef = F7D603D5992B28F69EB96AC3 /* Pods_NewsMobileApp.framework */; };
		325319FAD8EAF25642E95F3C /* Pods_NewsMobileApp_NewsMobileAppUITests.framework in Frameworks */ = {isa = PBXBuildFile; fileRef = AE136AC9D4ECE7FA9466E2D4 /* Pods_NewsMobileApp_NewsMobileAppUITests.framework */; };
		6BAA927F2C123A6100A3081C /* PostsFeedModule.swift in Sources */ = {isa = PBXBuildFile; fileRef = 6BAA927E2C123A6100A3081C /* PostsFeedModule.swift */; };
		6BAA92822C123EB000A3081C /* GenericCell.swift in Sources */ = {isa = PBXBuildFile; fileRef = 6BAA92812C123EB000A3081C /* GenericCell.swift */; };
		6BAA92852C124E1B00A3081C /* PostsService.swift in Sources */ = {isa = PBXBuildFile; fileRef = 6BAA92842C124E1B00A3081C /* PostsService.swift */; };
		6BAA92872C125A8700A3081C /* PostsModelTests.swift in Sources */ = {isa = PBXBuildFile; fileRef = 6BAA92862C125A8700A3081C /* PostsModelTests.swift */; };
		6BAA928E2C125E3800A3081C /* GenericCellTests.swift in Sources */ = {isa = PBXBuildFile; fileRef = 6BAA928D2C125E3800A3081C /* GenericCellTests.swift */; };
		6BAA92952C12626E00A3081C /* User.swift in Sources */ = {isa = PBXBuildFile; fileRef = 6BAA92942C12626E00A3081C /* User.swift */; };
		6BAA92972C12634F00A3081C /* FriendsView.swift in Sources */ = {isa = PBXBuildFile; fileRef = 6BAA92962C12634F00A3081C /* FriendsView.swift */; };
		6BAA92992C12641900A3081C /* FriendsViewModel.swift in Sources */ = {isa = PBXBuildFile; fileRef = 6BAA92982C12641900A3081C /* FriendsViewModel.swift */; };
		6BAA929C2C12650600A3081C /* FriendsViewModule.swift in Sources */ = {isa = PBXBuildFile; fileRef = 6BAA929B2C12650600A3081C /* FriendsViewModule.swift */; };
		6BAA92A12C1268D600A3081C /* FriendsService.swift in Sources */ = {isa = PBXBuildFile; fileRef = 6BAA92A02C1268D600A3081C /* FriendsService.swift */; };
		6BAA92A52C126C9500A3081C /* FriendsViewTests.swift in Sources */ = {isa = PBXBuildFile; fileRef = 6BAA92A42C126C9500A3081C /* FriendsViewTests.swift */; };
		6BAA92A72C126CBE00A3081C /* FriendsModelTests.swift in Sources */ = {isa = PBXBuildFile; fileRef = 6BAA92A62C126CBE00A3081C /* FriendsModelTests.swift */; };
		6BAA92AA2C1274BA00A3081C /* PostDetailView.swift in Sources */ = {isa = PBXBuildFile; fileRef = 6BAA92A92C1274BA00A3081C /* PostDetailView.swift */; };
		6BAC64DC2C131AE000300272 /* PostDetailViewModel.swift in Sources */ = {isa = PBXBuildFile; fileRef = 6BAC64DB2C131AE000300272 /* PostDetailViewModel.swift */; };
		6BAC64DE2C13759D00300272 /* PostDetailViewTests.swift in Sources */ = {isa = PBXBuildFile; fileRef = 6BAC64DD2C13759D00300272 /* PostDetailViewTests.swift */; };
		6BAC64E02C1375DF00300272 /* PostDetailModule.swift in Sources */ = {isa = PBXBuildFile; fileRef = 6BAC64DF2C1375DF00300272 /* PostDetailModule.swift */; };
		6BAC64E22C1376BE00300272 /* PostDetailViewModelTests.swift in Sources */ = {isa = PBXBuildFile; fileRef = 6BAC64E12C1376BE00300272 /* PostDetailViewModelTests.swift */; };
		6BAC64E72C13809600300272 /* FriendDetailViewModel.swift in Sources */ = {isa = PBXBuildFile; fileRef = 6BAC64E62C13809600300272 /* FriendDetailViewModel.swift */; };
		6BAC64E92C1380DD00300272 /* FriendDetailView.swift in Sources */ = {isa = PBXBuildFile; fileRef = 6BAC64E82C1380DD00300272 /* FriendDetailView.swift */; };
		6BAC64EB2C1388D700300272 /* FriendsDetailModule.swift in Sources */ = {isa = PBXBuildFile; fileRef = 6BAC64EA2C1388D700300272 /* FriendsDetailModule.swift */; };
		6BAC64ED2C138F6B00300272 /* FriendDetailViewTests.swift in Sources */ = {isa = PBXBuildFile; fileRef = 6BAC64EC2C138F6B00300272 /* FriendDetailViewTests.swift */; };
		6BAC64F12C13906B00300272 /* FriendDetailViewModelTests.swift in Sources */ = {isa = PBXBuildFile; fileRef = 6BAC64F02C13906B00300272 /* FriendDetailViewModelTests.swift */; };
		6BAC64F32C139D9C00300272 /* HeaderView.swift in Sources */ = {isa = PBXBuildFile; fileRef = 6BAC64F22C139D9C00300272 /* HeaderView.swift */; };
		6BFBACA12C11272F00D33DB1 /* AppDelegate.swift in Sources */ = {isa = PBXBuildFile; fileRef = 6BFBACA02C11272F00D33DB1 /* AppDelegate.swift */; };
		6BFBACA32C11272F00D33DB1 /* SceneDelegate.swift in Sources */ = {isa = PBXBuildFile; fileRef = 6BFBACA22C11272F00D33DB1 /* SceneDelegate.swift */; };
		6BFBACA82C11272F00D33DB1 /* Base in Resources */ = {isa = PBXBuildFile; fileRef = 6BFBACA72C11272F00D33DB1 /* Base */; };
		6BFBACAA2C11273100D33DB1 /* Assets.xcassets in Resources */ = {isa = PBXBuildFile; fileRef = 6BFBACA92C11273100D33DB1 /* Assets.xcassets */; };
		6BFBACAD2C11273100D33DB1 /* Base in Resources */ = {isa = PBXBuildFile; fileRef = 6BFBACAC2C11273100D33DB1 /* Base */; };
		6BFBACB82C11273200D33DB1 /* PostViewTests.swift in Sources */ = {isa = PBXBuildFile; fileRef = 6BFBACB72C11273200D33DB1 /* PostViewTests.swift */; };
		6BFBACC42C11273200D33DB1 /* NewsMobileAppUITestsLaunchTests.swift in Sources */ = {isa = PBXBuildFile; fileRef = 6BFBACC32C11273200D33DB1 /* NewsMobileAppUITestsLaunchTests.swift */; };
		6BFBACD22C11325700D33DB1 /* TabBarController.swift in Sources */ = {isa = PBXBuildFile; fileRef = 6BFBACD12C11325700D33DB1 /* TabBarController.swift */; };
		6BFBACD52C11606200D33DB1 /* PostsModel.swift in Sources */ = {isa = PBXBuildFile; fileRef = 6BFBACD42C11606200D33DB1 /* PostsModel.swift */; };
		6BFBACDA2C11626700D33DB1 /* PostsView.swift in Sources */ = {isa = PBXBuildFile; fileRef = 6BFBACD92C11626700D33DB1 /* PostsView.swift */; };
		6BFBACDC2C11636000D33DB1 /* PostsViewModel.swift in Sources */ = {isa = PBXBuildFile; fileRef = 6BFBACDB2C11636000D33DB1 /* PostsViewModel.swift */; };
		6BFBACDF2C11651B00D33DB1 /* UIView+Extension.swift in Sources */ = {isa = PBXBuildFile; fileRef = 6BFBACDE2C11651B00D33DB1 /* UIView+Extension.swift */; };
		EBE3E0F4E89F0819C14B657B /* Pods_NewsMobileAppTests.framework in Frameworks */ = {isa = PBXBuildFile; fileRef = 361263FBCB1CE2DA8370ED21 /* Pods_NewsMobileAppTests.framework */; };
/* End PBXBuildFile section */

/* Begin PBXContainerItemProxy section */
		6BFBACB42C11273200D33DB1 /* PBXContainerItemProxy */ = {
			isa = PBXContainerItemProxy;
			containerPortal = 6BFBAC952C11272F00D33DB1 /* Project object */;
			proxyType = 1;
			remoteGlobalIDString = 6BFBAC9C2C11272F00D33DB1;
			remoteInfo = NewsMobileApp;
		};
		6BFBACBE2C11273200D33DB1 /* PBXContainerItemProxy */ = {
			isa = PBXContainerItemProxy;
			containerPortal = 6BFBAC952C11272F00D33DB1 /* Project object */;
			proxyType = 1;
			remoteGlobalIDString = 6BFBAC9C2C11272F00D33DB1;
			remoteInfo = NewsMobileApp;
		};
/* End PBXContainerItemProxy section */

/* Begin PBXFileReference section */
		1EB631FD98083619B0F4E8BF /* Pods-NewsMobileAppTests.release.xcconfig */ = {isa = PBXFileReference; includeInIndex = 1; lastKnownFileType = text.xcconfig; name = "Pods-NewsMobileAppTests.release.xcconfig"; path = "Target Support Files/Pods-NewsMobileAppTests/Pods-NewsMobileAppTests.release.xcconfig"; sourceTree = "<group>"; };
		361263FBCB1CE2DA8370ED21 /* Pods_NewsMobileAppTests.framework */ = {isa = PBXFileReference; explicitFileType = wrapper.framework; includeInIndex = 0; path = Pods_NewsMobileAppTests.framework; sourceTree = BUILT_PRODUCTS_DIR; };
		55B95674416321CD9156D4F5 /* Pods-NewsMobileApp.debug.xcconfig */ = {isa = PBXFileReference; includeInIndex = 1; lastKnownFileType = text.xcconfig; name = "Pods-NewsMobileApp.debug.xcconfig"; path = "Target Support Files/Pods-NewsMobileApp/Pods-NewsMobileApp.debug.xcconfig"; sourceTree = "<group>"; };
		6BAA927E2C123A6100A3081C /* PostsFeedModule.swift */ = {isa = PBXFileReference; lastKnownFileType = sourcecode.swift; path = PostsFeedModule.swift; sourceTree = "<group>"; };
		6BAA92812C123EB000A3081C /* GenericCell.swift */ = {isa = PBXFileReference; lastKnownFileType = sourcecode.swift; path = GenericCell.swift; sourceTree = "<group>"; };
		6BAA92842C124E1B00A3081C /* PostsService.swift */ = {isa = PBXFileReference; lastKnownFileType = sourcecode.swift; path = PostsService.swift; sourceTree = "<group>"; };
		6BAA92862C125A8700A3081C /* PostsModelTests.swift */ = {isa = PBXFileReference; lastKnownFileType = sourcecode.swift; path = PostsModelTests.swift; sourceTree = "<group>"; };
		6BAA928D2C125E3800A3081C /* GenericCellTests.swift */ = {isa = PBXFileReference; lastKnownFileType = sourcecode.swift; path = GenericCellTests.swift; sourceTree = "<group>"; };
		6BAA92942C12626E00A3081C /* User.swift */ = {isa = PBXFileReference; lastKnownFileType = sourcecode.swift; path = User.swift; sourceTree = "<group>"; };
		6BAA92962C12634F00A3081C /* FriendsView.swift */ = {isa = PBXFileReference; lastKnownFileType = sourcecode.swift; path = FriendsView.swift; sourceTree = "<group>"; };
		6BAA92982C12641900A3081C /* FriendsViewModel.swift */ = {isa = PBXFileReference; lastKnownFileType = sourcecode.swift; path = FriendsViewModel.swift; sourceTree = "<group>"; };
		6BAA929B2C12650600A3081C /* FriendsViewModule.swift */ = {isa = PBXFileReference; lastKnownFileType = sourcecode.swift; path = FriendsViewModule.swift; sourceTree = "<group>"; };
		6BAA92A02C1268D600A3081C /* FriendsService.swift */ = {isa = PBXFileReference; lastKnownFileType = sourcecode.swift; path = FriendsService.swift; sourceTree = "<group>"; };
		6BAA92A42C126C9500A3081C /* FriendsViewTests.swift */ = {isa = PBXFileReference; lastKnownFileType = sourcecode.swift; path = FriendsViewTests.swift; sourceTree = "<group>"; };
		6BAA92A62C126CBE00A3081C /* FriendsModelTests.swift */ = {isa = PBXFileReference; lastKnownFileType = sourcecode.swift; path = FriendsModelTests.swift; sourceTree = "<group>"; };
		6BAA92A92C1274BA00A3081C /* PostDetailView.swift */ = {isa = PBXFileReference; lastKnownFileType = sourcecode.swift; path = PostDetailView.swift; sourceTree = "<group>"; };
		6BAC64DB2C131AE000300272 /* PostDetailViewModel.swift */ = {isa = PBXFileReference; lastKnownFileType = sourcecode.swift; path = PostDetailViewModel.swift; sourceTree = "<group>"; };
		6BAC64DD2C13759D00300272 /* PostDetailViewTests.swift */ = {isa = PBXFileReference; lastKnownFileType = sourcecode.swift; path = PostDetailViewTests.swift; sourceTree = "<group>"; };
		6BAC64DF2C1375DF00300272 /* PostDetailModule.swift */ = {isa = PBXFileReference; lastKnownFileType = sourcecode.swift; path = PostDetailModule.swift; sourceTree = "<group>"; };
		6BAC64E12C1376BE00300272 /* PostDetailViewModelTests.swift */ = {isa = PBXFileReference; lastKnownFileType = sourcecode.swift; path = PostDetailViewModelTests.swift; sourceTree = "<group>"; };
		6BAC64E62C13809600300272 /* FriendDetailViewModel.swift */ = {isa = PBXFileReference; lastKnownFileType = sourcecode.swift; path = FriendDetailViewModel.swift; sourceTree = "<group>"; };
		6BAC64E82C1380DD00300272 /* FriendDetailView.swift */ = {isa = PBXFileReference; lastKnownFileType = sourcecode.swift; path = FriendDetailView.swift; sourceTree = "<group>"; };
		6BAC64EA2C1388D700300272 /* FriendsDetailModule.swift */ = {isa = PBXFileReference; lastKnownFileType = sourcecode.swift; path = FriendsDetailModule.swift; sourceTree = "<group>"; };
		6BAC64EC2C138F6B00300272 /* FriendDetailViewTests.swift */ = {isa = PBXFileReference; lastKnownFileType = sourcecode.swift; path = FriendDetailViewTests.swift; sourceTree = "<group>"; };
		6BAC64F02C13906B00300272 /* FriendDetailViewModelTests.swift */ = {isa = PBXFileReference; lastKnownFileType = sourcecode.swift; path = FriendDetailViewModelTests.swift; sourceTree = "<group>"; };
		6BAC64F22C139D9C00300272 /* HeaderView.swift */ = {isa = PBXFileReference; lastKnownFileType = sourcecode.swift; path = HeaderView.swift; sourceTree = "<group>"; };
		6BFBAC9D2C11272F00D33DB1 /* NewsMobileApp.app */ = {isa = PBXFileReference; explicitFileType = wrapper.application; includeInIndex = 0; path = NewsMobileApp.app; sourceTree = BUILT_PRODUCTS_DIR; };
		6BFBACA02C11272F00D33DB1 /* AppDelegate.swift */ = {isa = PBXFileReference; lastKnownFileType = sourcecode.swift; path = AppDelegate.swift; sourceTree = "<group>"; };
		6BFBACA22C11272F00D33DB1 /* SceneDelegate.swift */ = {isa = PBXFileReference; lastKnownFileType = sourcecode.swift; path = SceneDelegate.swift; sourceTree = "<group>"; };
		6BFBACA72C11272F00D33DB1 /* Base */ = {isa = PBXFileReference; lastKnownFileType = file.storyboard; name = Base; path = Base.lproj/Main.storyboard; sourceTree = "<group>"; };
		6BFBACA92C11273100D33DB1 /* Assets.xcassets */ = {isa = PBXFileReference; lastKnownFileType = folder.assetcatalog; path = Assets.xcassets; sourceTree = "<group>"; };
		6BFBACAC2C11273100D33DB1 /* Base */ = {isa = PBXFileReference; lastKnownFileType = file.storyboard; name = Base; path = Base.lproj/LaunchScreen.storyboard; sourceTree = "<group>"; };
		6BFBACAE2C11273100D33DB1 /* Info.plist */ = {isa = PBXFileReference; lastKnownFileType = text.plist.xml; path = Info.plist; sourceTree = "<group>"; };
		6BFBACB32C11273200D33DB1 /* NewsMobileAppTests.xctest */ = {isa = PBXFileReference; explicitFileType = wrapper.cfbundle; includeInIndex = 0; path = NewsMobileAppTests.xctest; sourceTree = BUILT_PRODUCTS_DIR; };
		6BFBACB72C11273200D33DB1 /* PostViewTests.swift */ = {isa = PBXFileReference; lastKnownFileType = sourcecode.swift; path = PostViewTests.swift; sourceTree = "<group>"; };
		6BFBACBD2C11273200D33DB1 /* NewsMobileAppUITests.xctest */ = {isa = PBXFileReference; explicitFileType = wrapper.cfbundle; includeInIndex = 0; path = NewsMobileAppUITests.xctest; sourceTree = BUILT_PRODUCTS_DIR; };
		6BFBACC32C11273200D33DB1 /* NewsMobileAppUITestsLaunchTests.swift */ = {isa = PBXFileReference; lastKnownFileType = sourcecode.swift; path = NewsMobileAppUITestsLaunchTests.swift; sourceTree = "<group>"; };
		6BFBACD12C11325700D33DB1 /* TabBarController.swift */ = {isa = PBXFileReference; lastKnownFileType = sourcecode.swift; path = TabBarController.swift; sourceTree = "<group>"; };
		6BFBACD42C11606200D33DB1 /* PostsModel.swift */ = {isa = PBXFileReference; lastKnownFileType = sourcecode.swift; path = PostsModel.swift; sourceTree = "<group>"; };
		6BFBACD92C11626700D33DB1 /* PostsView.swift */ = {isa = PBXFileReference; lastKnownFileType = sourcecode.swift; path = PostsView.swift; sourceTree = "<group>"; };
		6BFBACDB2C11636000D33DB1 /* PostsViewModel.swift */ = {isa = PBXFileReference; lastKnownFileType = sourcecode.swift; path = PostsViewModel.swift; sourceTree = "<group>"; };
		6BFBACDE2C11651B00D33DB1 /* UIView+Extension.swift */ = {isa = PBXFileReference; lastKnownFileType = sourcecode.swift; path = "UIView+Extension.swift"; sourceTree = "<group>"; };
		8BDD3908C0D5EE1AD97C0C8B /* Pods-NewsMobileAppTests.debug.xcconfig */ = {isa = PBXFileReference; includeInIndex = 1; lastKnownFileType = text.xcconfig; name = "Pods-NewsMobileAppTests.debug.xcconfig"; path = "Target Support Files/Pods-NewsMobileAppTests/Pods-NewsMobileAppTests.debug.xcconfig"; sourceTree = "<group>"; };
		9AC194EC5720696EC9157161 /* Pods-NewsMobileApp-NewsMobileAppUITests.debug.xcconfig */ = {isa = PBXFileReference; includeInIndex = 1; lastKnownFileType = text.xcconfig; name = "Pods-NewsMobileApp-NewsMobileAppUITests.debug.xcconfig"; path = "Target Support Files/Pods-NewsMobileApp-NewsMobileAppUITests/Pods-NewsMobileApp-NewsMobileAppUITests.debug.xcconfig"; sourceTree = "<group>"; };
		AE136AC9D4ECE7FA9466E2D4 /* Pods_NewsMobileApp_NewsMobileAppUITests.framework */ = {isa = PBXFileReference; explicitFileType = wrapper.framework; includeInIndex = 0; path = Pods_NewsMobileApp_NewsMobileAppUITests.framework; sourceTree = BUILT_PRODUCTS_DIR; };
		DE1C546AEBEAEAC22F842A9D /* Pods-NewsMobileApp-NewsMobileAppUITests.release.xcconfig */ = {isa = PBXFileReference; includeInIndex = 1; lastKnownFileType = text.xcconfig; name = "Pods-NewsMobileApp-NewsMobileAppUITests.release.xcconfig"; path = "Target Support Files/Pods-NewsMobileApp-NewsMobileAppUITests/Pods-NewsMobileApp-NewsMobileAppUITests.release.xcconfig"; sourceTree = "<group>"; };
		F60FC9791DF203F740418681 /* Pods-NewsMobileApp.release.xcconfig */ = {isa = PBXFileReference; includeInIndex = 1; lastKnownFileType = text.xcconfig; name = "Pods-NewsMobileApp.release.xcconfig"; path = "Target Support Files/Pods-NewsMobileApp/Pods-NewsMobileApp.release.xcconfig"; sourceTree = "<group>"; };
		F7D603D5992B28F69EB96AC3 /* Pods_NewsMobileApp.framework */ = {isa = PBXFileReference; explicitFileType = wrapper.framework; includeInIndex = 0; path = Pods_NewsMobileApp.framework; sourceTree = BUILT_PRODUCTS_DIR; };
/* End PBXFileReference section */

/* Begin PBXFrameworksBuildPhase section */
		6BFBAC9A2C11272F00D33DB1 /* Frameworks */ = {
			isa = PBXFrameworksBuildPhase;
			buildActionMask = 2147483647;
			files = (
				256B611355201CC97E311541 /* Pods_NewsMobileApp.framework in Frameworks */,
			);
			runOnlyForDeploymentPostprocessing = 0;
		};
		6BFBACB02C11273200D33DB1 /* Frameworks */ = {
			isa = PBXFrameworksBuildPhase;
			buildActionMask = 2147483647;
			files = (
				EBE3E0F4E89F0819C14B657B /* Pods_NewsMobileAppTests.framework in Frameworks */,
			);
			runOnlyForDeploymentPostprocessing = 0;
		};
		6BFBACBA2C11273200D33DB1 /* Frameworks */ = {
			isa = PBXFrameworksBuildPhase;
			buildActionMask = 2147483647;
			files = (
				325319FAD8EAF25642E95F3C /* Pods_NewsMobileApp_NewsMobileAppUITests.framework in Frameworks */,
			);
			runOnlyForDeploymentPostprocessing = 0;
		};
/* End PBXFrameworksBuildPhase section */

/* Begin PBXGroup section */
		6BAA927D2C123A4200A3081C /* PostsFeed */ = {
			isa = PBXGroup;
			children = (
				6BFBACD72C1161F200D33DB1 /* View */,
				6BFBACD62C11615C00D33DB1 /* Model */,
				6BFBACD82C11620400D33DB1 /* ViewModel */,
				6BAA927E2C123A6100A3081C /* PostsFeedModule.swift */,
			);
			path = PostsFeed;
			sourceTree = "<group>";
		};
		6BAA92802C123EA400A3081C /* GenericCell */ = {
			isa = PBXGroup;
			children = (
				6BAA92812C123EB000A3081C /* GenericCell.swift */,
			);
			path = GenericCell;
			sourceTree = "<group>";
		};
		6BAA92832C124E1200A3081C /* Networking */ = {
			isa = PBXGroup;
			children = (
				6BAA92842C124E1B00A3081C /* PostsService.swift */,
			);
			path = Networking;
			sourceTree = "<group>";
		};
		6BAA928F2C12622900A3081C /* Friends */ = {
			isa = PBXGroup;
			children = (
				6BAC64E32C13807000300272 /* FriendDetail */,
				6BAA92902C12623500A3081C /* FriendsList */,
			);
			path = Friends;
			sourceTree = "<group>";
		};
		6BAA92902C12623500A3081C /* FriendsList */ = {
			isa = PBXGroup;
			children = (
				6BAA929F2C12685700A3081C /* Networking */,
				6BAA92922C12624900A3081C /* Model */,
				6BAA92912C12624500A3081C /* View */,
				6BAA92932C12624E00A3081C /* ViewModel */,
				6BAA929B2C12650600A3081C /* FriendsViewModule.swift */,
			);
			path = FriendsList;
			sourceTree = "<group>";
		};
		6BAA92912C12624500A3081C /* View */ = {
			isa = PBXGroup;
			children = (
				6BAA92962C12634F00A3081C /* FriendsView.swift */,
			);
			path = View;
			sourceTree = "<group>";
		};
		6BAA92922C12624900A3081C /* Model */ = {
			isa = PBXGroup;
			children = (
				6BAA92942C12626E00A3081C /* User.swift */,
			);
			path = Model;
			sourceTree = "<group>";
		};
		6BAA92932C12624E00A3081C /* ViewModel */ = {
			isa = PBXGroup;
			children = (
				6BAA92982C12641900A3081C /* FriendsViewModel.swift */,
			);
			path = ViewModel;
			sourceTree = "<group>";
		};
		6BAA929F2C12685700A3081C /* Networking */ = {
			isa = PBXGroup;
			children = (
				6BAA92A02C1268D600A3081C /* FriendsService.swift */,
			);
			path = Networking;
			sourceTree = "<group>";
		};
		6BAA92A22C126C7100A3081C /* Posts */ = {
			isa = PBXGroup;
			children = (
				6BFBACB72C11273200D33DB1 /* PostViewTests.swift */,
				6BAA92862C125A8700A3081C /* PostsModelTests.swift */,
				6BAC64DD2C13759D00300272 /* PostDetailViewTests.swift */,
				6BAC64E12C1376BE00300272 /* PostDetailViewModelTests.swift */,
			);
			path = Posts;
			sourceTree = "<group>";
		};
		6BAA92A32C126C7C00A3081C /* Friends */ = {
			isa = PBXGroup;
			children = (
				6BAA92A42C126C9500A3081C /* FriendsViewTests.swift */,
				6BAC64EC2C138F6B00300272 /* FriendDetailViewTests.swift */,
				6BAC64F02C13906B00300272 /* FriendDetailViewModelTests.swift */,
				6BAA92A62C126CBE00A3081C /* FriendsModelTests.swift */,
			);
			path = Friends;
			sourceTree = "<group>";
		};
		6BAA92A82C1274B000A3081C /* PostDetail */ = {
			isa = PBXGroup;
			children = (
				6BAC64DA2C131AB000300272 /* ViewModel */,
				6BAC64D92C131A9F00300272 /* View */,
				6BAC64DF2C1375DF00300272 /* PostDetailModule.swift */,
			);
			path = PostDetail;
			sourceTree = "<group>";
		};
		6BAC64D92C131A9F00300272 /* View */ = {
			isa = PBXGroup;
			children = (
				6BAA92A92C1274BA00A3081C /* PostDetailView.swift */,
			);
			path = View;
			sourceTree = "<group>";
		};
		6BAC64DA2C131AB000300272 /* ViewModel */ = {
			isa = PBXGroup;
			children = (
				6BAC64DB2C131AE000300272 /* PostDetailViewModel.swift */,
			);
			path = ViewModel;
			sourceTree = "<group>";
		};
		6BAC64E32C13807000300272 /* FriendDetail */ = {
			isa = PBXGroup;
			children = (
				6BAC64E52C13808300300272 /* ViewModel */,
				6BAC64E42C13807B00300272 /* View */,
				6BAC64EA2C1388D700300272 /* FriendsDetailModule.swift */,
			);
			path = FriendDetail;
			sourceTree = "<group>";
		};
		6BAC64E42C13807B00300272 /* View */ = {
			isa = PBXGroup;
			children = (
				6BAC64E82C1380DD00300272 /* FriendDetailView.swift */,
			);
			path = View;
			sourceTree = "<group>";
		};
		6BAC64E52C13808300300272 /* ViewModel */ = {
			isa = PBXGroup;
			children = (
				6BAC64E62C13809600300272 /* FriendDetailViewModel.swift */,
			);
			path = ViewModel;
			sourceTree = "<group>";
		};
		6BFBAC942C11272F00D33DB1 = {
			isa = PBXGroup;
			children = (
				6BFBAC9F2C11272F00D33DB1 /* NewsMobileApp */,
				6BFBACB62C11273200D33DB1 /* NewsMobileAppTests */,
				6BFBACC02C11273200D33DB1 /* NewsMobileAppUITests */,
				6BFBAC9E2C11272F00D33DB1 /* Products */,
				D87F4C59C8D89AD9147B5726 /* Pods */,
				E527A36C53A62E93892A8125 /* Frameworks */,
			);
			sourceTree = "<group>";
		};
		6BFBAC9E2C11272F00D33DB1 /* Products */ = {
			isa = PBXGroup;
			children = (
				6BFBAC9D2C11272F00D33DB1 /* NewsMobileApp.app */,
				6BFBACB32C11273200D33DB1 /* NewsMobileAppTests.xctest */,
				6BFBACBD2C11273200D33DB1 /* NewsMobileAppUITests.xctest */,
			);
			name = Products;
			sourceTree = "<group>";
		};
		6BFBAC9F2C11272F00D33DB1 /* NewsMobileApp */ = {
			isa = PBXGroup;
			children = (
				6BFBACDD2C11650800D33DB1 /* Common */,
				6BFBACD02C11279900D33DB1 /* Modules */,
				6BFBACA02C11272F00D33DB1 /* AppDelegate.swift */,
				6BFBACA22C11272F00D33DB1 /* SceneDelegate.swift */,
				6BFBACA62C11272F00D33DB1 /* Main.storyboard */,
				6BFBACA92C11273100D33DB1 /* Assets.xcassets */,
				6BFBACAB2C11273100D33DB1 /* LaunchScreen.storyboard */,
				6BFBACAE2C11273100D33DB1 /* Info.plist */,
			);
			path = NewsMobileApp;
			sourceTree = "<group>";
		};
		6BFBACB62C11273200D33DB1 /* NewsMobileAppTests */ = {
			isa = PBXGroup;
			children = (
				6BAA928D2C125E3800A3081C /* GenericCellTests.swift */,
				6BAA92A32C126C7C00A3081C /* Friends */,
				6BAA92A22C126C7100A3081C /* Posts */,
			);
			path = NewsMobileAppTests;
			sourceTree = "<group>";
		};
		6BFBACC02C11273200D33DB1 /* NewsMobileAppUITests */ = {
			isa = PBXGroup;
			children = (
				6BFBACC32C11273200D33DB1 /* NewsMobileAppUITestsLaunchTests.swift */,
			);
			path = NewsMobileAppUITests;
			sourceTree = "<group>";
		};
		6BFBACD02C11279900D33DB1 /* Modules */ = {
			isa = PBXGroup;
			children = (
				6BAA928F2C12622900A3081C /* Friends */,
				6BFBACD32C11605200D33DB1 /* Posts */,
				6BFBACD12C11325700D33DB1 /* TabBarController.swift */,
			);
			path = Modules;
			sourceTree = "<group>";
		};
		6BFBACD32C11605200D33DB1 /* Posts */ = {
			isa = PBXGroup;
			children = (
				6BAA92A82C1274B000A3081C /* PostDetail */,
				6BAA92832C124E1200A3081C /* Networking */,
				6BAA927D2C123A4200A3081C /* PostsFeed */,
			);
			path = Posts;
			sourceTree = "<group>";
		};
		6BFBACD62C11615C00D33DB1 /* Model */ = {
			isa = PBXGroup;
			children = (
				6BFBACD42C11606200D33DB1 /* PostsModel.swift */,
			);
			path = Model;
			sourceTree = "<group>";
		};
		6BFBACD72C1161F200D33DB1 /* View */ = {
			isa = PBXGroup;
			children = (
				6BFBACD92C11626700D33DB1 /* PostsView.swift */,
				6BAC64F22C139D9C00300272 /* HeaderView.swift */,
			);
			path = View;
			sourceTree = "<group>";
		};
		6BFBACD82C11620400D33DB1 /* ViewModel */ = {
			isa = PBXGroup;
			children = (
				6BFBACDB2C11636000D33DB1 /* PostsViewModel.swift */,
			);
			path = ViewModel;
			sourceTree = "<group>";
		};
		6BFBACDD2C11650800D33DB1 /* Common */ = {
			isa = PBXGroup;
			children = (
				6BAA92802C123EA400A3081C /* GenericCell */,
				6BFBACDE2C11651B00D33DB1 /* UIView+Extension.swift */,
			);
			path = Common;
			sourceTree = "<group>";
		};
		D87F4C59C8D89AD9147B5726 /* Pods */ = {
			isa = PBXGroup;
			children = (
				55B95674416321CD9156D4F5 /* Pods-NewsMobileApp.debug.xcconfig */,
				F60FC9791DF203F740418681 /* Pods-NewsMobileApp.release.xcconfig */,
				9AC194EC5720696EC9157161 /* Pods-NewsMobileApp-NewsMobileAppUITests.debug.xcconfig */,
				DE1C546AEBEAEAC22F842A9D /* Pods-NewsMobileApp-NewsMobileAppUITests.release.xcconfig */,
				8BDD3908C0D5EE1AD97C0C8B /* Pods-NewsMobileAppTests.debug.xcconfig */,
				1EB631FD98083619B0F4E8BF /* Pods-NewsMobileAppTests.release.xcconfig */,
			);
			path = Pods;
			sourceTree = "<group>";
		};
		E527A36C53A62E93892A8125 /* Frameworks */ = {
			isa = PBXGroup;
			children = (
				F7D603D5992B28F69EB96AC3 /* Pods_NewsMobileApp.framework */,
				AE136AC9D4ECE7FA9466E2D4 /* Pods_NewsMobileApp_NewsMobileAppUITests.framework */,
				361263FBCB1CE2DA8370ED21 /* Pods_NewsMobileAppTests.framework */,
			);
			name = Frameworks;
			sourceTree = "<group>";
		};
/* End PBXGroup section */

/* Begin PBXNativeTarget section */
		6BFBAC9C2C11272F00D33DB1 /* NewsMobileApp */ = {
			isa = PBXNativeTarget;
			buildConfigurationList = 6BFBACC72C11273200D33DB1 /* Build configuration list for PBXNativeTarget "NewsMobileApp" */;
			buildPhases = (
				6C71489FA7BA62276A3420C5 /* [CP] Check Pods Manifest.lock */,
				6BFBAC992C11272F00D33DB1 /* Sources */,
				6BFBAC9A2C11272F00D33DB1 /* Frameworks */,
				6BFBAC9B2C11272F00D33DB1 /* Resources */,
				D68FE88497B5B0E6D09B8462 /* [CP] Copy Pods Resources */,
			);
			buildRules = (
			);
			dependencies = (
			);
			name = NewsMobileApp;
			productName = NewsMobileApp;
			productReference = 6BFBAC9D2C11272F00D33DB1 /* NewsMobileApp.app */;
			productType = "com.apple.product-type.application";
		};
		6BFBACB22C11273200D33DB1 /* NewsMobileAppTests */ = {
			isa = PBXNativeTarget;
			buildConfigurationList = 6BFBACCA2C11273200D33DB1 /* Build configuration list for PBXNativeTarget "NewsMobileAppTests" */;
			buildPhases = (
				C63E9BD910E1F17E4DF58608 /* [CP] Check Pods Manifest.lock */,
				6BFBACAF2C11273200D33DB1 /* Sources */,
				6BFBACB02C11273200D33DB1 /* Frameworks */,
				6BFBACB12C11273200D33DB1 /* Resources */,
			);
			buildRules = (
			);
			dependencies = (
				6BFBACB52C11273200D33DB1 /* PBXTargetDependency */,
			);
			name = NewsMobileAppTests;
			productName = NewsMobileAppTests;
			productReference = 6BFBACB32C11273200D33DB1 /* NewsMobileAppTests.xctest */;
			productType = "com.apple.product-type.bundle.unit-test";
		};
		6BFBACBC2C11273200D33DB1 /* NewsMobileAppUITests */ = {
			isa = PBXNativeTarget;
			buildConfigurationList = 6BFBACCD2C11273200D33DB1 /* Build configuration list for PBXNativeTarget "NewsMobileAppUITests" */;
			buildPhases = (
				6ADD5DDDAD54C72986C85163 /* [CP] Check Pods Manifest.lock */,
				6BFBACB92C11273200D33DB1 /* Sources */,
				6BFBACBA2C11273200D33DB1 /* Frameworks */,
				6BFBACBB2C11273200D33DB1 /* Resources */,
				64364080C0BE5653B649AA06 /* [CP] Copy Pods Resources */,
			);
			buildRules = (
			);
			dependencies = (
				6BFBACBF2C11273200D33DB1 /* PBXTargetDependency */,
			);
			name = NewsMobileAppUITests;
			productName = NewsMobileAppUITests;
			productReference = 6BFBACBD2C11273200D33DB1 /* NewsMobileAppUITests.xctest */;
			productType = "com.apple.product-type.bundle.ui-testing";
		};
/* End PBXNativeTarget section */

/* Begin PBXProject section */
		6BFBAC952C11272F00D33DB1 /* Project object */ = {
			isa = PBXProject;
			attributes = {
				BuildIndependentTargetsInParallel = 1;
				LastSwiftUpdateCheck = 1540;
				LastUpgradeCheck = 1540;
				TargetAttributes = {
					6BFBAC9C2C11272F00D33DB1 = {
						CreatedOnToolsVersion = 15.4;
					};
					6BFBACB22C11273200D33DB1 = {
						CreatedOnToolsVersion = 15.4;
						TestTargetID = 6BFBAC9C2C11272F00D33DB1;
					};
					6BFBACBC2C11273200D33DB1 = {
						CreatedOnToolsVersion = 15.4;
						TestTargetID = 6BFBAC9C2C11272F00D33DB1;
					};
				};
			};
			buildConfigurationList = 6BFBAC982C11272F00D33DB1 /* Build configuration list for PBXProject "NewsMobileApp" */;
			compatibilityVersion = "Xcode 14.0";
			developmentRegion = en;
			hasScannedForEncodings = 0;
			knownRegions = (
				en,
				Base,
			);
			mainGroup = 6BFBAC942C11272F00D33DB1;
			productRefGroup = 6BFBAC9E2C11272F00D33DB1 /* Products */;
			projectDirPath = "";
			projectRoot = "";
			targets = (
				6BFBAC9C2C11272F00D33DB1 /* NewsMobileApp */,
				6BFBACB22C11273200D33DB1 /* NewsMobileAppTests */,
				6BFBACBC2C11273200D33DB1 /* NewsMobileAppUITests */,
			);
		};
/* End PBXProject section */

/* Begin PBXResourcesBuildPhase section */
		6BFBAC9B2C11272F00D33DB1 /* Resources */ = {
			isa = PBXResourcesBuildPhase;
			buildActionMask = 2147483647;
			files = (
				6BFBACAA2C11273100D33DB1 /* Assets.xcassets in Resources */,
				6BFBACAD2C11273100D33DB1 /* Base in Resources */,
				6BFBACA82C11272F00D33DB1 /* Base in Resources */,
			);
			runOnlyForDeploymentPostprocessing = 0;
		};
		6BFBACB12C11273200D33DB1 /* Resources */ = {
			isa = PBXResourcesBuildPhase;
			buildActionMask = 2147483647;
			files = (
			);
			runOnlyForDeploymentPostprocessing = 0;
		};
		6BFBACBB2C11273200D33DB1 /* Resources */ = {
			isa = PBXResourcesBuildPhase;
			buildActionMask = 2147483647;
			files = (
			);
			runOnlyForDeploymentPostprocessing = 0;
		};
/* End PBXResourcesBuildPhase section */

/* Begin PBXShellScriptBuildPhase section */
		64364080C0BE5653B649AA06 /* [CP] Copy Pods Resources */ = {
			isa = PBXShellScriptBuildPhase;
			buildActionMask = 2147483647;
			files = (
			);
			inputFileListPaths = (
				"${PODS_ROOT}/Target Support Files/Pods-NewsMobileApp-NewsMobileAppUITests/Pods-NewsMobileApp-NewsMobileAppUITests-resources-${CONFIGURATION}-input-files.xcfilelist",
			);
			name = "[CP] Copy Pods Resources";
			outputFileListPaths = (
				"${PODS_ROOT}/Target Support Files/Pods-NewsMobileApp-NewsMobileAppUITests/Pods-NewsMobileApp-NewsMobileAppUITests-resources-${CONFIGURATION}-output-files.xcfilelist",
			);
			runOnlyForDeploymentPostprocessing = 0;
			shellPath = /bin/sh;
			shellScript = "\"${PODS_ROOT}/Target Support Files/Pods-NewsMobileApp-NewsMobileAppUITests/Pods-NewsMobileApp-NewsMobileAppUITests-resources.sh\"\n";
			showEnvVarsInLog = 0;
		};
		6ADD5DDDAD54C72986C85163 /* [CP] Check Pods Manifest.lock */ = {
			isa = PBXShellScriptBuildPhase;
			buildActionMask = 2147483647;
			files = (
			);
			inputFileListPaths = (
			);
			inputPaths = (
				"${PODS_PODFILE_DIR_PATH}/Podfile.lock",
				"${PODS_ROOT}/Manifest.lock",
			);
			name = "[CP] Check Pods Manifest.lock";
			outputFileListPaths = (
			);
			outputPaths = (
				"$(DERIVED_FILE_DIR)/Pods-NewsMobileApp-NewsMobileAppUITests-checkManifestLockResult.txt",
			);
			runOnlyForDeploymentPostprocessing = 0;
			shellPath = /bin/sh;
			shellScript = "diff \"${PODS_PODFILE_DIR_PATH}/Podfile.lock\" \"${PODS_ROOT}/Manifest.lock\" > /dev/null\nif [ $? != 0 ] ; then\n    # print error to STDERR\n    echo \"error: The sandbox is not in sync with the Podfile.lock. Run 'pod install' or update your CocoaPods installation.\" >&2\n    exit 1\nfi\n# This output is used by Xcode 'outputs' to avoid re-running this script phase.\necho \"SUCCESS\" > \"${SCRIPT_OUTPUT_FILE_0}\"\n";
			showEnvVarsInLog = 0;
		};
		6C71489FA7BA62276A3420C5 /* [CP] Check Pods Manifest.lock */ = {
			isa = PBXShellScriptBuildPhase;
			buildActionMask = 2147483647;
			files = (
			);
			inputFileListPaths = (
			);
			inputPaths = (
				"${PODS_PODFILE_DIR_PATH}/Podfile.lock",
				"${PODS_ROOT}/Manifest.lock",
			);
			name = "[CP] Check Pods Manifest.lock";
			outputFileListPaths = (
			);
			outputPaths = (
				"$(DERIVED_FILE_DIR)/Pods-NewsMobileApp-checkManifestLockResult.txt",
			);
			runOnlyForDeploymentPostprocessing = 0;
			shellPath = /bin/sh;
			shellScript = "diff \"${PODS_PODFILE_DIR_PATH}/Podfile.lock\" \"${PODS_ROOT}/Manifest.lock\" > /dev/null\nif [ $? != 0 ] ; then\n    # print error to STDERR\n    echo \"error: The sandbox is not in sync with the Podfile.lock. Run 'pod install' or update your CocoaPods installation.\" >&2\n    exit 1\nfi\n# This output is used by Xcode 'outputs' to avoid re-running this script phase.\necho \"SUCCESS\" > \"${SCRIPT_OUTPUT_FILE_0}\"\n";
			showEnvVarsInLog = 0;
		};
		C63E9BD910E1F17E4DF58608 /* [CP] Check Pods Manifest.lock */ = {
			isa = PBXShellScriptBuildPhase;
			buildActionMask = 2147483647;
			files = (
			);
			inputFileListPaths = (
			);
			inputPaths = (
				"${PODS_PODFILE_DIR_PATH}/Podfile.lock",
				"${PODS_ROOT}/Manifest.lock",
			);
			name = "[CP] Check Pods Manifest.lock";
			outputFileListPaths = (
			);
			outputPaths = (
				"$(DERIVED_FILE_DIR)/Pods-NewsMobileAppTests-checkManifestLockResult.txt",
			);
			runOnlyForDeploymentPostprocessing = 0;
			shellPath = /bin/sh;
			shellScript = "diff \"${PODS_PODFILE_DIR_PATH}/Podfile.lock\" \"${PODS_ROOT}/Manifest.lock\" > /dev/null\nif [ $? != 0 ] ; then\n    # print error to STDERR\n    echo \"error: The sandbox is not in sync with the Podfile.lock. Run 'pod install' or update your CocoaPods installation.\" >&2\n    exit 1\nfi\n# This output is used by Xcode 'outputs' to avoid re-running this script phase.\necho \"SUCCESS\" > \"${SCRIPT_OUTPUT_FILE_0}\"\n";
			showEnvVarsInLog = 0;
		};
		D68FE88497B5B0E6D09B8462 /* [CP] Copy Pods Resources */ = {
			isa = PBXShellScriptBuildPhase;
			buildActionMask = 2147483647;
			files = (
			);
			inputFileListPaths = (
				"${PODS_ROOT}/Target Support Files/Pods-NewsMobileApp/Pods-NewsMobileApp-resources-${CONFIGURATION}-input-files.xcfilelist",
			);
			name = "[CP] Copy Pods Resources";
			outputFileListPaths = (
				"${PODS_ROOT}/Target Support Files/Pods-NewsMobileApp/Pods-NewsMobileApp-resources-${CONFIGURATION}-output-files.xcfilelist",
			);
			runOnlyForDeploymentPostprocessing = 0;
			shellPath = /bin/sh;
			shellScript = "\"${PODS_ROOT}/Target Support Files/Pods-NewsMobileApp/Pods-NewsMobileApp-resources.sh\"\n";
			showEnvVarsInLog = 0;
		};
/* End PBXShellScriptBuildPhase section */

/* Begin PBXSourcesBuildPhase section */
		6BFBAC992C11272F00D33DB1 /* Sources */ = {
			isa = PBXSourcesBuildPhase;
			buildActionMask = 2147483647;
			files = (
				6BAC64DC2C131AE000300272 /* PostDetailViewModel.swift in Sources */,
				6BAC64E72C13809600300272 /* FriendDetailViewModel.swift in Sources */,
				6BFBACA12C11272F00D33DB1 /* AppDelegate.swift in Sources */,
				6BFBACDF2C11651B00D33DB1 /* UIView+Extension.swift in Sources */,
				6BAA92972C12634F00A3081C /* FriendsView.swift in Sources */,
				6BAA92AA2C1274BA00A3081C /* PostDetailView.swift in Sources */,
				6BFBACDA2C11626700D33DB1 /* PostsView.swift in Sources */,
				6BAC64F32C139D9C00300272 /* HeaderView.swift in Sources */,
				6BAA929C2C12650600A3081C /* FriendsViewModule.swift in Sources */,
				6BAC64EB2C1388D700300272 /* FriendsDetailModule.swift in Sources */,
				6BAA92852C124E1B00A3081C /* PostsService.swift in Sources */,
				6BFBACA32C11272F00D33DB1 /* SceneDelegate.swift in Sources */,
				6BAA92A12C1268D600A3081C /* FriendsService.swift in Sources */,
				6BFBACD22C11325700D33DB1 /* TabBarController.swift in Sources */,
				6BAA927F2C123A6100A3081C /* PostsFeedModule.swift in Sources */,
				6BAA92822C123EB000A3081C /* GenericCell.swift in Sources */,
				6BFBACD52C11606200D33DB1 /* PostsModel.swift in Sources */,
				6BAC64E02C1375DF00300272 /* PostDetailModule.swift in Sources */,
				6BFBACDC2C11636000D33DB1 /* PostsViewModel.swift in Sources */,
				6BAA92992C12641900A3081C /* FriendsViewModel.swift in Sources */,
				6BAC64E92C1380DD00300272 /* FriendDetailView.swift in Sources */,
				6BAA92952C12626E00A3081C /* User.swift in Sources */,
			);
			runOnlyForDeploymentPostprocessing = 0;
		};
		6BFBACAF2C11273200D33DB1 /* Sources */ = {
			isa = PBXSourcesBuildPhase;
			buildActionMask = 2147483647;
			files = (
				6BAA92A72C126CBE00A3081C /* FriendsModelTests.swift in Sources */,
				6BFBACB82C11273200D33DB1 /* PostViewTests.swift in Sources */,
				6BAC64E22C1376BE00300272 /* PostDetailViewModelTests.swift in Sources */,
				6BAA928E2C125E3800A3081C /* GenericCellTests.swift in Sources */,
				6BAC64F12C13906B00300272 /* FriendDetailViewModelTests.swift in Sources */,
				6BAC64DE2C13759D00300272 /* PostDetailViewTests.swift in Sources */,
				6BAA92A52C126C9500A3081C /* FriendsViewTests.swift in Sources */,
				6BAA92872C125A8700A3081C /* PostsModelTests.swift in Sources */,
				6BAC64ED2C138F6B00300272 /* FriendDetailViewTests.swift in Sources */,
			);
			runOnlyForDeploymentPostprocessing = 0;
		};
		6BFBACB92C11273200D33DB1 /* Sources */ = {
			isa = PBXSourcesBuildPhase;
			buildActionMask = 2147483647;
			files = (
				6BFBACC42C11273200D33DB1 /* NewsMobileAppUITestsLaunchTests.swift in Sources */,
			);
			runOnlyForDeploymentPostprocessing = 0;
		};
/* End PBXSourcesBuildPhase section */

/* Begin PBXTargetDependency section */
		6BFBACB52C11273200D33DB1 /* PBXTargetDependency */ = {
			isa = PBXTargetDependency;
			target = 6BFBAC9C2C11272F00D33DB1 /* NewsMobileApp */;
			targetProxy = 6BFBACB42C11273200D33DB1 /* PBXContainerItemProxy */;
		};
		6BFBACBF2C11273200D33DB1 /* PBXTargetDependency */ = {
			isa = PBXTargetDependency;
			target = 6BFBAC9C2C11272F00D33DB1 /* NewsMobileApp */;
			targetProxy = 6BFBACBE2C11273200D33DB1 /* PBXContainerItemProxy */;
		};
/* End PBXTargetDependency section */

/* Begin PBXVariantGroup section */
		6BFBACA62C11272F00D33DB1 /* Main.storyboard */ = {
			isa = PBXVariantGroup;
			children = (
				6BFBACA72C11272F00D33DB1 /* Base */,
			);
			name = Main.storyboard;
			sourceTree = "<group>";
		};
		6BFBACAB2C11273100D33DB1 /* LaunchScreen.storyboard */ = {
			isa = PBXVariantGroup;
			children = (
				6BFBACAC2C11273100D33DB1 /* Base */,
			);
			name = LaunchScreen.storyboard;
			sourceTree = "<group>";
		};
/* End PBXVariantGroup section */

/* Begin XCBuildConfiguration section */
		6BFBACC52C11273200D33DB1 /* Debug */ = {
			isa = XCBuildConfiguration;
			buildSettings = {
				ALWAYS_SEARCH_USER_PATHS = NO;
				ASSETCATALOG_COMPILER_GENERATE_SWIFT_ASSET_SYMBOL_EXTENSIONS = YES;
				CLANG_ANALYZER_NONNULL = YES;
				CLANG_ANALYZER_NUMBER_OBJECT_CONVERSION = YES_AGGRESSIVE;
				CLANG_CXX_LANGUAGE_STANDARD = "gnu++20";
				CLANG_ENABLE_MODULES = YES;
				CLANG_ENABLE_OBJC_ARC = YES;
				CLANG_ENABLE_OBJC_WEAK = YES;
				CLANG_WARN_BLOCK_CAPTURE_AUTORELEASING = YES;
				CLANG_WARN_BOOL_CONVERSION = YES;
				CLANG_WARN_COMMA = YES;
				CLANG_WARN_CONSTANT_CONVERSION = YES;
				CLANG_WARN_DEPRECATED_OBJC_IMPLEMENTATIONS = YES;
				CLANG_WARN_DIRECT_OBJC_ISA_USAGE = YES_ERROR;
				CLANG_WARN_DOCUMENTATION_COMMENTS = YES;
				CLANG_WARN_EMPTY_BODY = YES;
				CLANG_WARN_ENUM_CONVERSION = YES;
				CLANG_WARN_INFINITE_RECURSION = YES;
				CLANG_WARN_INT_CONVERSION = YES;
				CLANG_WARN_NON_LITERAL_NULL_CONVERSION = YES;
				CLANG_WARN_OBJC_IMPLICIT_RETAIN_SELF = YES;
				CLANG_WARN_OBJC_LITERAL_CONVERSION = YES;
				CLANG_WARN_OBJC_ROOT_CLASS = YES_ERROR;
				CLANG_WARN_QUOTED_INCLUDE_IN_FRAMEWORK_HEADER = YES;
				CLANG_WARN_RANGE_LOOP_ANALYSIS = YES;
				CLANG_WARN_STRICT_PROTOTYPES = YES;
				CLANG_WARN_SUSPICIOUS_MOVE = YES;
				CLANG_WARN_UNGUARDED_AVAILABILITY = YES_AGGRESSIVE;
				CLANG_WARN_UNREACHABLE_CODE = YES;
				CLANG_WARN__DUPLICATE_METHOD_MATCH = YES;
				COPY_PHASE_STRIP = NO;
				DEBUG_INFORMATION_FORMAT = dwarf;
				ENABLE_STRICT_OBJC_MSGSEND = YES;
				ENABLE_TESTABILITY = YES;
				ENABLE_USER_SCRIPT_SANDBOXING = YES;
				GCC_C_LANGUAGE_STANDARD = gnu17;
				GCC_DYNAMIC_NO_PIC = NO;
				GCC_NO_COMMON_BLOCKS = YES;
				GCC_OPTIMIZATION_LEVEL = 0;
				GCC_PREPROCESSOR_DEFINITIONS = (
					"DEBUG=1",
					"$(inherited)",
				);
				GCC_WARN_64_TO_32_BIT_CONVERSION = YES;
				GCC_WARN_ABOUT_RETURN_TYPE = YES_ERROR;
				GCC_WARN_UNDECLARED_SELECTOR = YES;
				GCC_WARN_UNINITIALIZED_AUTOS = YES_AGGRESSIVE;
				GCC_WARN_UNUSED_FUNCTION = YES;
				GCC_WARN_UNUSED_VARIABLE = YES;
				IPHONEOS_DEPLOYMENT_TARGET = 17.5;
				LOCALIZATION_PREFERS_STRING_CATALOGS = YES;
				MTL_ENABLE_DEBUG_INFO = INCLUDE_SOURCE;
				MTL_FAST_MATH = YES;
				ONLY_ACTIVE_ARCH = YES;
				SDKROOT = iphoneos;
				SWIFT_ACTIVE_COMPILATION_CONDITIONS = "DEBUG $(inherited)";
				SWIFT_OPTIMIZATION_LEVEL = "-Onone";
			};
			name = Debug;
		};
		6BFBACC62C11273200D33DB1 /* Release */ = {
			isa = XCBuildConfiguration;
			buildSettings = {
				ALWAYS_SEARCH_USER_PATHS = NO;
				ASSETCATALOG_COMPILER_GENERATE_SWIFT_ASSET_SYMBOL_EXTENSIONS = YES;
				CLANG_ANALYZER_NONNULL = YES;
				CLANG_ANALYZER_NUMBER_OBJECT_CONVERSION = YES_AGGRESSIVE;
				CLANG_CXX_LANGUAGE_STANDARD = "gnu++20";
				CLANG_ENABLE_MODULES = YES;
				CLANG_ENABLE_OBJC_ARC = YES;
				CLANG_ENABLE_OBJC_WEAK = YES;
				CLANG_WARN_BLOCK_CAPTURE_AUTORELEASING = YES;
				CLANG_WARN_BOOL_CONVERSION = YES;
				CLANG_WARN_COMMA = YES;
				CLANG_WARN_CONSTANT_CONVERSION = YES;
				CLANG_WARN_DEPRECATED_OBJC_IMPLEMENTATIONS = YES;
				CLANG_WARN_DIRECT_OBJC_ISA_USAGE = YES_ERROR;
				CLANG_WARN_DOCUMENTATION_COMMENTS = YES;
				CLANG_WARN_EMPTY_BODY = YES;
				CLANG_WARN_ENUM_CONVERSION = YES;
				CLANG_WARN_INFINITE_RECURSION = YES;
				CLANG_WARN_INT_CONVERSION = YES;
				CLANG_WARN_NON_LITERAL_NULL_CONVERSION = YES;
				CLANG_WARN_OBJC_IMPLICIT_RETAIN_SELF = YES;
				CLANG_WARN_OBJC_LITERAL_CONVERSION = YES;
				CLANG_WARN_OBJC_ROOT_CLASS = YES_ERROR;
				CLANG_WARN_QUOTED_INCLUDE_IN_FRAMEWORK_HEADER = YES;
				CLANG_WARN_RANGE_LOOP_ANALYSIS = YES;
				CLANG_WARN_STRICT_PROTOTYPES = YES;
				CLANG_WARN_SUSPICIOUS_MOVE = YES;
				CLANG_WARN_UNGUARDED_AVAILABILITY = YES_AGGRESSIVE;
				CLANG_WARN_UNREACHABLE_CODE = YES;
				CLANG_WARN__DUPLICATE_METHOD_MATCH = YES;
				COPY_PHASE_STRIP = NO;
				DEBUG_INFORMATION_FORMAT = "dwarf-with-dsym";
				ENABLE_NS_ASSERTIONS = NO;
				ENABLE_STRICT_OBJC_MSGSEND = YES;
				ENABLE_USER_SCRIPT_SANDBOXING = YES;
				GCC_C_LANGUAGE_STANDARD = gnu17;
				GCC_NO_COMMON_BLOCKS = YES;
				GCC_WARN_64_TO_32_BIT_CONVERSION = YES;
				GCC_WARN_ABOUT_RETURN_TYPE = YES_ERROR;
				GCC_WARN_UNDECLARED_SELECTOR = YES;
				GCC_WARN_UNINITIALIZED_AUTOS = YES_AGGRESSIVE;
				GCC_WARN_UNUSED_FUNCTION = YES;
				GCC_WARN_UNUSED_VARIABLE = YES;
				IPHONEOS_DEPLOYMENT_TARGET = 17.5;
				LOCALIZATION_PREFERS_STRING_CATALOGS = YES;
				MTL_ENABLE_DEBUG_INFO = NO;
				MTL_FAST_MATH = YES;
				SDKROOT = iphoneos;
				SWIFT_COMPILATION_MODE = wholemodule;
				VALIDATE_PRODUCT = YES;
			};
			name = Release;
		};
		6BFBACC82C11273200D33DB1 /* Debug */ = {
			isa = XCBuildConfiguration;
			baseConfigurationReference = 55B95674416321CD9156D4F5 /* Pods-NewsMobileApp.debug.xcconfig */;
			buildSettings = {
				ASSETCATALOG_COMPILER_APPICON_NAME = AppIcon;
				ASSETCATALOG_COMPILER_GLOBAL_ACCENT_COLOR_NAME = AccentColor;
				CODE_SIGN_STYLE = Automatic;
				CURRENT_PROJECT_VERSION = 1;
				DEVELOPMENT_TEAM = G38NNHTK29;
				ENABLE_USER_SCRIPT_SANDBOXING = NO;
				GENERATE_INFOPLIST_FILE = YES;
				INFOPLIST_FILE = NewsMobileApp/Info.plist;
				INFOPLIST_KEY_UIApplicationSupportsIndirectInputEvents = YES;
				INFOPLIST_KEY_UILaunchStoryboardName = LaunchScreen;
				INFOPLIST_KEY_UIMainStoryboardFile = Main;
				INFOPLIST_KEY_UISupportedInterfaceOrientations_iPad = "UIInterfaceOrientationPortrait UIInterfaceOrientationPortraitUpsideDown UIInterfaceOrientationLandscapeLeft UIInterfaceOrientationLandscapeRight";
				INFOPLIST_KEY_UISupportedInterfaceOrientations_iPhone = "UIInterfaceOrientationPortrait UIInterfaceOrientationLandscapeLeft UIInterfaceOrientationLandscapeRight";
				LD_RUNPATH_SEARCH_PATHS = (
					"$(inherited)",
					"@executable_path/Frameworks",
				);
				MARKETING_VERSION = 1.0;
				PRODUCT_BUNDLE_IDENTIFIER = com.NewsMobileApp;
				PRODUCT_NAME = "$(TARGET_NAME)";
				SWIFT_EMIT_LOC_STRINGS = YES;
				SWIFT_VERSION = 5.0;
				TARGETED_DEVICE_FAMILY = "1,2";
			};
			name = Debug;
		};
		6BFBACC92C11273200D33DB1 /* Release */ = {
			isa = XCBuildConfiguration;
			baseConfigurationReference = F60FC9791DF203F740418681 /* Pods-NewsMobileApp.release.xcconfig */;
			buildSettings = {
				ASSETCATALOG_COMPILER_APPICON_NAME = AppIcon;
				ASSETCATALOG_COMPILER_GLOBAL_ACCENT_COLOR_NAME = AccentColor;
				CODE_SIGN_STYLE = Automatic;
				CURRENT_PROJECT_VERSION = 1;
				DEVELOPMENT_TEAM = G38NNHTK29;
				ENABLE_USER_SCRIPT_SANDBOXING = NO;
				GENERATE_INFOPLIST_FILE = YES;
				INFOPLIST_FILE = NewsMobileApp/Info.plist;
				INFOPLIST_KEY_UIApplicationSupportsIndirectInputEvents = YES;
				INFOPLIST_KEY_UILaunchStoryboardName = LaunchScreen;
				INFOPLIST_KEY_UIMainStoryboardFile = Main;
				INFOPLIST_KEY_UISupportedInterfaceOrientations_iPad = "UIInterfaceOrientationPortrait UIInterfaceOrientationPortraitUpsideDown UIInterfaceOrientationLandscapeLeft UIInterfaceOrientationLandscapeRight";
				INFOPLIST_KEY_UISupportedInterfaceOrientations_iPhone = "UIInterfaceOrientationPortrait UIInterfaceOrientationLandscapeLeft UIInterfaceOrientationLandscapeRight";
				LD_RUNPATH_SEARCH_PATHS = (
					"$(inherited)",
					"@executable_path/Frameworks",
				);
				MARKETING_VERSION = 1.0;
				PRODUCT_BUNDLE_IDENTIFIER = com.NewsMobileApp;
				PRODUCT_NAME = "$(TARGET_NAME)";
				SWIFT_EMIT_LOC_STRINGS = YES;
				SWIFT_VERSION = 5.0;
				TARGETED_DEVICE_FAMILY = "1,2";
			};
			name = Release;
		};
		6BFBACCB2C11273200D33DB1 /* Debug */ = {
			isa = XCBuildConfiguration;
			baseConfigurationReference = 8BDD3908C0D5EE1AD97C0C8B /* Pods-NewsMobileAppTests.debug.xcconfig */;
			buildSettings = {
				ALWAYS_EMBED_SWIFT_STANDARD_LIBRARIES = YES;
				BUNDLE_LOADER = "$(TEST_HOST)";
				CODE_SIGN_STYLE = Automatic;
				CURRENT_PROJECT_VERSION = 1;
				ENABLE_USER_SCRIPT_SANDBOXING = NO;
				GENERATE_INFOPLIST_FILE = YES;
				IPHONEOS_DEPLOYMENT_TARGET = 17.5;
				MARKETING_VERSION = 1.0;
				PRODUCT_BUNDLE_IDENTIFIER = com.NewsMobileAppTests;
				PRODUCT_NAME = "$(TARGET_NAME)";
				SWIFT_EMIT_LOC_STRINGS = NO;
				SWIFT_VERSION = 5.0;
				TARGETED_DEVICE_FAMILY = "1,2";
				TEST_HOST = "$(BUILT_PRODUCTS_DIR)/NewsMobileApp.app/$(BUNDLE_EXECUTABLE_FOLDER_PATH)/NewsMobileApp";
			};
			name = Debug;
		};
		6BFBACCC2C11273200D33DB1 /* Release */ = {
			isa = XCBuildConfiguration;
			baseConfigurationReference = 1EB631FD98083619B0F4E8BF /* Pods-NewsMobileAppTests.release.xcconfig */;
			buildSettings = {
				ALWAYS_EMBED_SWIFT_STANDARD_LIBRARIES = YES;
				BUNDLE_LOADER = "$(TEST_HOST)";
				CODE_SIGN_STYLE = Automatic;
				CURRENT_PROJECT_VERSION = 1;
				ENABLE_USER_SCRIPT_SANDBOXING = NO;
				GENERATE_INFOPLIST_FILE = YES;
				IPHONEOS_DEPLOYMENT_TARGET = 17.5;
				MARKETING_VERSION = 1.0;
				PRODUCT_BUNDLE_IDENTIFIER = com.NewsMobileAppTests;
				PRODUCT_NAME = "$(TARGET_NAME)";
				SWIFT_EMIT_LOC_STRINGS = NO;
				SWIFT_VERSION = 5.0;
				TARGETED_DEVICE_FAMILY = "1,2";
				TEST_HOST = "$(BUILT_PRODUCTS_DIR)/NewsMobileApp.app/$(BUNDLE_EXECUTABLE_FOLDER_PATH)/NewsMobileApp";
			};
			name = Release;
		};
		6BFBACCE2C11273200D33DB1 /* Debug */ = {
			isa = XCBuildConfiguration;
			baseConfigurationReference = 9AC194EC5720696EC9157161 /* Pods-NewsMobileApp-NewsMobileAppUITests.debug.xcconfig */;
			buildSettings = {
				ALWAYS_EMBED_SWIFT_STANDARD_LIBRARIES = YES;
				CODE_SIGN_STYLE = Automatic;
				CURRENT_PROJECT_VERSION = 1;
				ENABLE_USER_SCRIPT_SANDBOXING = NO;
				GENERATE_INFOPLIST_FILE = YES;
				MARKETING_VERSION = 1.0;
				PRODUCT_BUNDLE_IDENTIFIER = com.NewsMobileAppUITests;
				PRODUCT_NAME = "$(TARGET_NAME)";
				SWIFT_EMIT_LOC_STRINGS = NO;
				SWIFT_VERSION = 5.0;
				TARGETED_DEVICE_FAMILY = "1,2";
				TEST_TARGET_NAME = NewsMobileApp;
			};
			name = Debug;
		};
		6BFBACCF2C11273200D33DB1 /* Release */ = {
			isa = XCBuildConfiguration;
			baseConfigurationReference = DE1C546AEBEAEAC22F842A9D /* Pods-NewsMobileApp-NewsMobileAppUITests.release.xcconfig */;
			buildSettings = {
				ALWAYS_EMBED_SWIFT_STANDARD_LIBRARIES = YES;
				CODE_SIGN_STYLE = Automatic;
				CURRENT_PROJECT_VERSION = 1;
				ENABLE_USER_SCRIPT_SANDBOXING = NO;
				GENERATE_INFOPLIST_FILE = YES;
				MARKETING_VERSION = 1.0;
				PRODUCT_BUNDLE_IDENTIFIER = com.NewsMobileAppUITests;
				PRODUCT_NAME = "$(TARGET_NAME)";
				SWIFT_EMIT_LOC_STRINGS = NO;
				SWIFT_VERSION = 5.0;
				TARGETED_DEVICE_FAMILY = "1,2";
				TEST_TARGET_NAME = NewsMobileApp;
			};
			name = Release;
		};
/* End XCBuildConfiguration section */

/* Begin XCConfigurationList section */
		6BFBAC982C11272F00D33DB1 /* Build configuration list for PBXProject "NewsMobileApp" */ = {
			isa = XCConfigurationList;
			buildConfigurations = (
				6BFBACC52C11273200D33DB1 /* Debug */,
				6BFBACC62C11273200D33DB1 /* Release */,
			);
			defaultConfigurationIsVisible = 0;
			defaultConfigurationName = Release;
		};
		6BFBACC72C11273200D33DB1 /* Build configuration list for PBXNativeTarget "NewsMobileApp" */ = {
			isa = XCConfigurationList;
			buildConfigurations = (
				6BFBACC82C11273200D33DB1 /* Debug */,
				6BFBACC92C11273200D33DB1 /* Release */,
			);
			defaultConfigurationIsVisible = 0;
			defaultConfigurationName = Release;
		};
		6BFBACCA2C11273200D33DB1 /* Build configuration list for PBXNativeTarget "NewsMobileAppTests" */ = {
			isa = XCConfigurationList;
			buildConfigurations = (
				6BFBACCB2C11273200D33DB1 /* Debug */,
				6BFBACCC2C11273200D33DB1 /* Release */,
			);
			defaultConfigurationIsVisible = 0;
			defaultConfigurationName = Release;
		};
		6BFBACCD2C11273200D33DB1 /* Build configuration list for PBXNativeTarget "NewsMobileAppUITests" */ = {
			isa = XCConfigurationList;
			buildConfigurations = (
				6BFBACCE2C11273200D33DB1 /* Debug */,
				6BFBACCF2C11273200D33DB1 /* Release */,
			);
			defaultConfigurationIsVisible = 0;
			defaultConfigurationName = Release;
		};
/* End XCConfigurationList section */
	};
	rootObject = 6BFBAC952C11272F00D33DB1 /* Project object */;
}
